{
    "_readme": [
        "This file locks the dependencies of your project to a known state",
        "Read more about it at https://getcomposer.org/doc/01-basic-usage.md#composer-lock-the-lock-file",
        "This file is @generated automatically"
    ],
    "content-hash": "052e989466cf18623857460e26643066",
    "packages": [
        {
            "name": "advanced-custom-fields/advanced-custom-fields-pro",
            "version": "5.3.9.2",
            "dist": {
                "type": "zip",
                "url": "https://connect.advancedcustomfields.com/index.php?p=pro&a=download&k=b3JkZXJfaWQ9NjU4NjN8dHlwZT1kZXZlbG9wZXJ8ZGF0ZT0yMDE1LTEwLTA2IDE1OjA1OjI2",
                "reference": null,
                "shasum": null
            },
            "type": "wordpress-plugin"
        },
        {
            "name": "composer/installers",
            "version": "v1.0.25",
            "source": {
                "type": "git",
                "url": "https://github.com/composer/installers.git",
                "reference": "36e5b5843203d7f1cf6ffb0305a97e014387bd8e"
            },
            "dist": {
                "type": "zip",
                "url": "https://api.github.com/repos/composer/installers/zipball/36e5b5843203d7f1cf6ffb0305a97e014387bd8e",
                "reference": "36e5b5843203d7f1cf6ffb0305a97e014387bd8e",
                "shasum": ""
            },
            "require": {
                "composer-plugin-api": "^1.0"
            },
            "replace": {
                "roundcube/plugin-installer": "*",
                "shama/baton": "*"
            },
            "require-dev": {
                "composer/composer": "1.0.*@dev",
                "phpunit/phpunit": "4.1.*"
            },
            "type": "composer-plugin",
            "extra": {
                "class": "Composer\\Installers\\Plugin",
                "branch-alias": {
                    "dev-master": "1.0-dev"
                }
            },
            "autoload": {
                "psr-4": {
                    "Composer\\Installers\\": "src/Composer/Installers"
                }
            },
            "notification-url": "https://packagist.org/downloads/",
            "license": [
                "MIT"
            ],
            "authors": [
                {
                    "name": "Kyle Robinson Young",
                    "email": "kyle@dontkry.com",
                    "homepage": "https://github.com/shama"
                }
            ],
            "description": "A multi-framework Composer library installer",
            "homepage": "https://composer.github.io/installers/",
            "keywords": [
                "Craft",
                "Dolibarr",
                "Hurad",
                "ImageCMS",
                "MODX Evo",
                "Mautic",
                "OXID",
                "SMF",
                "Thelia",
                "WolfCMS",
                "agl",
                "aimeos",
                "annotatecms",
                "bitrix",
                "cakephp",
                "chef",
                "codeigniter",
                "concrete5",
                "croogo",
                "dokuwiki",
                "drupal",
                "elgg",
                "fuelphp",
                "grav",
                "installer",
                "joomla",
                "kohana",
                "laravel",
                "lithium",
                "magento",
                "mako",
                "mediawiki",
                "modulework",
                "moodle",
                "phpbb",
                "piwik",
                "ppi",
                "puppet",
                "roundcube",
                "shopware",
                "silverstripe",
                "symfony",
                "typo3",
                "wordpress",
                "zend",
                "zikula"
            ],
            "time": "2016-04-13T19:46:30+00:00"
        },
        {
            "name": "deliciousbrains/wp-migrate-db-pro",
            "version": "1.8.1",
            "dist": {
                "type": "zip",
                "url": "https://deliciousbrains.com/dl/wp-migrate-db-pro-1.8.1.zip?licence_key=41a27671-816b-4600-b80d-782969ef106b&site_url=gradpad.dev",
                "reference": null,
                "shasum": null
            },
            "type": "wordpress-plugin"
        },
        {
            "name": "deliciousbrains/wp-migrate-db-pro-media-files",
            "version": "1.4.9",
            "dist": {
                "type": "zip",
                "url": "https://deliciousbrains.com/dl/wp-migrate-db-pro-media-files-latest.zip?licence_key=41a27671-816b-4600-b80d-782969ef106b&site_url=gradpad.dev",
                "reference": null,
                "shasum": null
            },
            "type": "wordpress-plugin"
        },
        {
            "name": "getdave/wp-intervention",
            "version": "1.1.0",
            "source": {
                "type": "git",
                "url": "https://github.com/getdave/wp-intervention.git",
                "reference": "ef74da77577e76b110f215cbdcb63543c40ac480"
            },
            "dist": {
                "type": "zip",
                "url": "https://api.github.com/repos/getdave/wp-intervention/zipball/ef74da77577e76b110f215cbdcb63543c40ac480",
                "reference": "ef74da77577e76b110f215cbdcb63543c40ac480",
                "shasum": ""
            },
            "require": {
                "composer/installers": "*",
                "intervention/image": "^2.3"
            },
            "require-dev": {
                "php-mock/php-mock-phpunit": "^0.3",
                "symfony/var-dumper": "^3.1"
            },
            "type": "wordpress-plugin",
            "autoload": {
                "files": [
                    "src/plugin.php",
                    "src/intervention-wrapper.php",
                    "src/globals.php"
                ]
            },
            "license": [
                "MIT"
            ],
            "authors": [
                {
                    "name": "David Smith",
                    "email": "getdavemail@gmail.com",
                    "homepage": "https://aheadcreative.co.uk"
                }
            ],
            "description": "WP Intervention provides on-demand image manipulation for WordPress via the Intervention Library",
            "support": {
                "source": "https://github.com/getdave/wp-intervention/tree/1.1.0",
                "issues": "https://github.com/getdave/wp-intervention/issues"
            },
            "time": "2017-05-25T08:44:22+00:00"
        },
        {
            "name": "guzzlehttp/psr7",
            "version": "1.4.2",
            "source": {
                "type": "git",
                "url": "https://github.com/guzzle/psr7.git",
                "reference": "f5b8a8512e2b58b0071a7280e39f14f72e05d87c"
            },
            "dist": {
                "type": "zip",
                "url": "https://api.github.com/repos/guzzle/psr7/zipball/f5b8a8512e2b58b0071a7280e39f14f72e05d87c",
                "reference": "f5b8a8512e2b58b0071a7280e39f14f72e05d87c",
                "shasum": ""
            },
            "require": {
                "php": ">=5.4.0",
                "psr/http-message": "~1.0"
            },
            "provide": {
                "psr/http-message-implementation": "1.0"
            },
            "require-dev": {
                "phpunit/phpunit": "~4.0"
            },
            "type": "library",
            "extra": {
                "branch-alias": {
                    "dev-master": "1.4-dev"
                }
            },
            "autoload": {
                "psr-4": {
                    "GuzzleHttp\\Psr7\\": "src/"
                },
                "files": [
                    "src/functions_include.php"
                ]
            },
            "notification-url": "https://packagist.org/downloads/",
            "license": [
                "MIT"
            ],
            "authors": [
                {
                    "name": "Michael Dowling",
                    "email": "mtdowling@gmail.com",
                    "homepage": "https://github.com/mtdowling"
                },
                {
                    "name": "Tobias Schultze",
                    "homepage": "https://github.com/Tobion"
                }
            ],
            "description": "PSR-7 message implementation that also provides common utility methods",
            "keywords": [
                "http",
                "message",
                "request",
                "response",
                "stream",
                "uri",
                "url"
            ],
            "time": "2017-03-20T17:10:46+00:00"
        },
        {
            "name": "intervention/image",
            "version": "2.4.1",
            "source": {
                "type": "git",
                "url": "https://github.com/Intervention/image.git",
                "reference": "3603dbcc9a17d307533473246a6c58c31cf17919"
            },
            "dist": {
                "type": "zip",
                "url": "https://api.github.com/repos/Intervention/image/zipball/3603dbcc9a17d307533473246a6c58c31cf17919",
                "reference": "3603dbcc9a17d307533473246a6c58c31cf17919",
                "shasum": ""
            },
            "require": {
                "ext-fileinfo": "*",
                "guzzlehttp/psr7": "~1.1",
                "php": ">=5.4.0"
            },
            "require-dev": {
                "mockery/mockery": "~0.9.2",
                "phpunit/phpunit": "^4.8 || ^5.7"
            },
            "suggest": {
                "ext-gd": "to use GD library based image processing.",
                "ext-imagick": "to use Imagick based image processing.",
                "intervention/imagecache": "Caching extension for the Intervention Image library"
            },
            "type": "library",
            "extra": {
                "branch-alias": {
                    "dev-master": "2.3-dev"
                },
                "laravel": {
                    "providers": [
                        "Intervention\\Image\\ImageServiceProvider"
                    ],
                    "aliases": {
                        "Image": "Intervention\\Image\\Facades\\Image"
                    }
                }
            },
            "autoload": {
                "psr-4": {
                    "Intervention\\Image\\": "src/Intervention/Image"
                }
            },
            "notification-url": "https://packagist.org/downloads/",
            "license": [
                "MIT"
            ],
            "authors": [
                {
                    "name": "Oliver Vogel",
                    "email": "oliver@olivervogel.com",
                    "homepage": "http://olivervogel.com/"
                }
            ],
            "description": "Image handling and manipulation library with support for Laravel integration",
            "homepage": "http://image.intervention.io/",
            "keywords": [
                "gd",
                "image",
                "imagick",
                "laravel",
                "thumbnail",
                "watermark"
            ],
            "time": "2017-09-21T16:29:17+00:00"
        },
        {
            "name": "jjgrainger/wp-custom-post-type-class",
            "version": "dev-master",
            "source": {
                "type": "git",
                "url": "https://github.com/jjgrainger/wp-custom-post-type-class.git",
                "reference": "f866c3a35ec8041f8ccded863d064778e2080edb"
            },
            "dist": {
                "type": "zip",
                "url": "https://api.github.com/repos/jjgrainger/wp-custom-post-type-class/zipball/f866c3a35ec8041f8ccded863d064778e2080edb",
                "reference": "f866c3a35ec8041f8ccded863d064778e2080edb",
                "shasum": ""
            },
            "require": {
                "php": ">=5.3.0"
            },
            "type": "library",
            "autoload": {
                "psr-0": {
                    "CPT": "src/"
                }
            },
            "notification-url": "https://packagist.org/downloads/",
            "license": [
                "MIT"
            ],
            "authors": [
                {
                    "name": "Joe Grainger",
                    "email": "hello@joegrainger.co.uk",
                    "homepage": "http://jjgrainger.co.uk"
                }
            ],
            "description": "A single class to help you build more advanced custom post types quickly.",
            "homepage": "https://github.com/jjgrainger/wp-custom-post-type-class",
            "time": "2017-05-19T12:59:18+00:00"
        },
        {
            "name": "johnpbloch/wordpress",
            "version": "4.9.5",
            "source": {
                "type": "git",
                "url": "https://github.com/johnpbloch/wordpress.git",
                "reference": "c0d69bde6fc373270766a00db333c64f35496d67"
            },
            "dist": {
                "type": "zip",
                "url": "https://api.github.com/repos/johnpbloch/wordpress/zipball/c0d69bde6fc373270766a00db333c64f35496d67",
                "reference": "c0d69bde6fc373270766a00db333c64f35496d67",
                "shasum": ""
            },
            "require": {
                "johnpbloch/wordpress-core": "4.9.5",
                "johnpbloch/wordpress-core-installer": "^1.0",
                "php": ">=5.3.2"
            },
            "type": "package",
            "notification-url": "https://packagist.org/downloads/",
            "license": [
                "GPL-2.0+"
            ],
            "authors": [
                {
                    "name": "WordPress Community",
                    "homepage": "http://wordpress.org/about/"
                }
            ],
            "description": "WordPress is web software you can use to create a beautiful website or blog.",
            "homepage": "http://wordpress.org/",
            "keywords": [
                "blog",
                "cms",
                "wordpress"
            ],
            "time": "2018-04-03T22:47:48+00:00"
        },
        {
            "name": "johnpbloch/wordpress-core",
            "version": "4.9.5",
            "source": {
                "type": "git",
                "url": "https://github.com/johnpbloch/wordpress-core.git",
                "reference": "442ae6c761e3b20cc6a000bee8fefcde5dbab3fa"
            },
            "dist": {
                "type": "zip",
                "url": "https://api.github.com/repos/johnpbloch/wordpress-core/zipball/442ae6c761e3b20cc6a000bee8fefcde5dbab3fa",
                "reference": "442ae6c761e3b20cc6a000bee8fefcde5dbab3fa",
                "shasum": ""
            },
            "require": {
                "php": ">=5.3.2"
            },
            "provide": {
                "wordpress/core-implementation": "4.9.5"
            },
            "type": "wordpress-core",
            "notification-url": "https://packagist.org/downloads/",
            "license": [
                "GPL-2.0-or-later"
            ],
            "authors": [
                {
                    "name": "WordPress Community",
                    "homepage": "http://wordpress.org/about/"
                }
            ],
            "description": "WordPress is web software you can use to create a beautiful website or blog.",
            "homepage": "http://wordpress.org/",
            "keywords": [
                "blog",
                "cms",
                "wordpress"
            ],
            "time": "2018-04-03T22:47:40+00:00"
        },
        {
            "name": "johnpbloch/wordpress-core-installer",
            "version": "1.0.0.2",
            "source": {
                "type": "git",
                "url": "https://github.com/johnpbloch/wordpress-core-installer.git",
                "reference": "7941acd71725710a789daabe0557429da63e7ac6"
            },
            "dist": {
                "type": "zip",
                "url": "https://api.github.com/repos/johnpbloch/wordpress-core-installer/zipball/7941acd71725710a789daabe0557429da63e7ac6",
                "reference": "7941acd71725710a789daabe0557429da63e7ac6",
                "shasum": ""
            },
            "require": {
                "composer-plugin-api": "^1.0"
            },
            "conflict": {
                "composer/installers": "<1.0.6"
            },
            "require-dev": {
                "composer/composer": "^1.0",
                "phpunit/phpunit": ">=4.8.35"
            },
            "type": "composer-plugin",
            "extra": {
                "class": "johnpbloch\\Composer\\WordPressCorePlugin"
            },
            "autoload": {
                "psr-0": {
                    "johnpbloch\\Composer\\": "src/"
                }
            },
            "notification-url": "https://packagist.org/downloads/",
            "license": [
                "GPL-2.0+"
            ],
            "authors": [
                {
                    "name": "John P. Bloch",
                    "email": "me@johnpbloch.com"
                }
            ],
            "description": "A custom installer to handle deploying WordPress with composer",
            "keywords": [
                "wordpress"
            ],
            "time": "2018-01-29T14:49:29+00:00"
        },
        {
            "name": "oscarotero/env",
            "version": "v1.1.0",
            "source": {
                "type": "git",
                "url": "https://github.com/oscarotero/env.git",
                "reference": "0f676e41d758fa984806c32e27f0cf7afa63d8db"
            },
            "dist": {
                "type": "zip",
                "url": "https://api.github.com/repos/oscarotero/env/zipball/0f676e41d758fa984806c32e27f0cf7afa63d8db",
                "reference": "0f676e41d758fa984806c32e27f0cf7afa63d8db",
                "shasum": ""
            },
            "require": {
                "php": ">=5.2"
            },
            "type": "library",
            "autoload": {
                "psr-0": {
                    "Env": "src/"
                }
            },
            "notification-url": "https://packagist.org/downloads/",
            "license": [
                "MIT"
            ],
            "authors": [
                {
                    "name": "Oscar Otero",
                    "email": "oom@oscarotero.com",
                    "homepage": "http://oscarotero.com",
                    "role": "Developer"
                }
            ],
            "description": "Simple library to consume environment variables",
            "homepage": "https://github.com/oscarotero/env",
            "keywords": [
                "env"
            ],
            "time": "2017-07-17T20:41:59+00:00"
        },
        {
            "name": "psr/http-message",
            "version": "1.0.1",
            "source": {
                "type": "git",
                "url": "https://github.com/php-fig/http-message.git",
                "reference": "f6561bf28d520154e4b0ec72be95418abe6d9363"
            },
            "dist": {
                "type": "zip",
                "url": "https://api.github.com/repos/php-fig/http-message/zipball/f6561bf28d520154e4b0ec72be95418abe6d9363",
                "reference": "f6561bf28d520154e4b0ec72be95418abe6d9363",
                "shasum": ""
            },
            "require": {
                "php": ">=5.3.0"
            },
            "type": "library",
            "extra": {
                "branch-alias": {
                    "dev-master": "1.0.x-dev"
                }
            },
            "autoload": {
                "psr-4": {
                    "Psr\\Http\\Message\\": "src/"
                }
            },
            "notification-url": "https://packagist.org/downloads/",
            "license": [
                "MIT"
            ],
            "authors": [
                {
                    "name": "PHP-FIG",
                    "homepage": "http://www.php-fig.org/"
                }
            ],
            "description": "Common interface for HTTP messages",
            "homepage": "https://github.com/php-fig/http-message",
            "keywords": [
                "http",
                "http-message",
                "psr",
                "psr-7",
                "request",
                "response"
            ],
            "time": "2016-08-06T14:39:51+00:00"
        },
        {
            "name": "roots/wp-password-bcrypt",
            "version": "1.0.0",
            "source": {
                "type": "git",
                "url": "https://github.com/roots/wp-password-bcrypt.git",
                "reference": "5cecd2e98ccc3193443cc5c5db9b3bc7abed5ffa"
            },
            "dist": {
                "type": "zip",
                "url": "https://api.github.com/repos/roots/wp-password-bcrypt/zipball/5cecd2e98ccc3193443cc5c5db9b3bc7abed5ffa",
                "reference": "5cecd2e98ccc3193443cc5c5db9b3bc7abed5ffa",
                "shasum": ""
            },
            "require": {
                "composer/installers": "~1.0",
                "php": ">=5.5.0"
            },
            "require-dev": {
                "brain/monkey": "^1.3.1",
                "mockery/mockery": "^0.9.4",
                "phpunit/phpunit": "^4.8.23|^5.2.9",
                "squizlabs/php_codesniffer": "^2.5.1"
            },
            "type": "library",
            "autoload": {
                "files": [
                    "wp-password-bcrypt.php"
                ]
            },
            "notification-url": "https://packagist.org/downloads/",
            "license": [
                "MIT"
            ],
            "authors": [
                {
                    "name": "Scott Walkinshaw",
                    "email": "scott.walkinshaw@gmail.com",
                    "homepage": "https://github.com/swalkinshaw"
                },
                {
                    "name": "qwp6t",
                    "homepage": "https://github.com/qwp6t"
                },
                {
                    "name": "Jan Pingel",
                    "email": "jpingel@bitpiston.com",
                    "homepage": "http://janpingel.com"
                }
            ],
            "description": "WordPress plugin which replaces wp_hash_password and wp_check_password's phpass hasher with PHP 5.5's password_hash and password_verify using bcrypt.",
            "homepage": "https://roots.io/plugins/wp-password-bcrypt",
            "keywords": [
                "wordpress wp bcrypt password"
            ],
            "time": "2016-03-01T16:27:06+00:00"
        },
        {
            "name": "vlucas/phpdotenv",
            "version": "v2.4.0",
            "source": {
                "type": "git",
                "url": "https://github.com/vlucas/phpdotenv.git",
                "reference": "3cc116adbe4b11be5ec557bf1d24dc5e3a21d18c"
            },
            "dist": {
                "type": "zip",
                "url": "https://api.github.com/repos/vlucas/phpdotenv/zipball/3cc116adbe4b11be5ec557bf1d24dc5e3a21d18c",
                "reference": "3cc116adbe4b11be5ec557bf1d24dc5e3a21d18c",
                "shasum": ""
            },
            "require": {
                "php": ">=5.3.9"
            },
            "require-dev": {
                "phpunit/phpunit": "^4.8 || ^5.0"
            },
            "type": "library",
            "extra": {
                "branch-alias": {
                    "dev-master": "2.4-dev"
                }
            },
            "autoload": {
                "psr-4": {
                    "Dotenv\\": "src/"
                }
            },
            "notification-url": "https://packagist.org/downloads/",
            "license": [
                "BSD-3-Clause-Attribution"
            ],
            "authors": [
                {
                    "name": "Vance Lucas",
                    "email": "vance@vancelucas.com",
                    "homepage": "http://www.vancelucas.com"
                }
            ],
            "description": "Loads environment variables from `.env` to `getenv()`, `$_ENV` and `$_SERVER` automagically.",
            "keywords": [
                "dotenv",
                "env",
                "environment"
            ],
            "time": "2016-09-01T10:05:43+00:00"
        },
        {
            "name": "wpackagist-plugin/akismet",
            "version": "3.3.4",
            "source": {
                "type": "svn",
                "url": "https://plugins.svn.wordpress.org/akismet/",
                "reference": "tags/3.3.4"
            },
            "dist": {
                "type": "zip",
                "url": "https://downloads.wordpress.org/plugin/akismet.3.3.4.zip",
                "reference": null,
                "shasum": null
            },
            "require": {
                "composer/installers": "~1.0"
            },
            "type": "wordpress-plugin",
            "homepage": "https://wordpress.org/plugins/akismet/"
        },
        {
            "name": "wpackagist-plugin/autodescription",
            "version": "3.0.5",
            "source": {
                "type": "svn",
                "url": "https://plugins.svn.wordpress.org/autodescription/",
                "reference": "tags/3.0.5"
            },
            "dist": {
                "type": "zip",
                "url": "https://downloads.wordpress.org/plugin/autodescription.3.0.5.zip",
                "reference": null,
                "shasum": null
            },
            "require": {
                "composer/installers": "~1.0"
            },
            "type": "wordpress-plugin",
            "homepage": "https://wordpress.org/plugins/autodescription/"
        },
        {
            "name": "wpackagist-plugin/better-wp-security",
            "version": "6.2.1",
            "source": {
                "type": "svn",
                "url": "https://plugins.svn.wordpress.org/better-wp-security/",
                "reference": "tags/6.2.1"
            },
            "dist": {
                "type": "zip",
                "url": "https://downloads.wordpress.org/plugin/better-wp-security.6.2.1.zip",
                "reference": null,
                "shasum": null
            },
            "require": {
                "composer/installers": "~1.0"
            },
            "type": "wordpress-plugin",
            "homepage": "https://wordpress.org/plugins/better-wp-security/"
        },
        {
            "name": "wpackagist-plugin/breadcrumb-trail",
            "version": "1.0.0",
            "source": {
                "type": "svn",
                "url": "https://plugins.svn.wordpress.org/breadcrumb-trail/",
                "reference": "tags/1.0.0"
            },
            "dist": {
                "type": "zip",
                "url": "https://downloads.wordpress.org/plugin/breadcrumb-trail.1.0.0.zip",
                "reference": null,
                "shasum": null
            },
            "require": {
                "composer/installers": "~1.0"
            },
            "type": "wordpress-plugin",
            "homepage": "https://wordpress.org/plugins/breadcrumb-trail/"
        },
        {
            "name": "wpackagist-plugin/disable-comments",
            "version": "1.7.1",
            "source": {
                "type": "svn",
                "url": "https://plugins.svn.wordpress.org/disable-comments/",
                "reference": "tags/1.7.1"
            },
            "dist": {
                "type": "zip",
                "url": "https://downloads.wordpress.org/plugin/disable-comments.1.7.1.zip",
                "reference": null,
                "shasum": null
            },
            "require": {
                "composer/installers": "~1.0"
            },
            "type": "wordpress-plugin",
            "homepage": "https://wordpress.org/plugins/disable-comments/"
        },
        {
            "name": "wpackagist-plugin/disable-users",
            "version": "1.0.5",
            "source": {
                "type": "svn",
                "url": "https://plugins.svn.wordpress.org/disable-users/",
                "reference": "trunk"
            },
            "dist": {
                "type": "zip",
                "url": "https://downloads.wordpress.org/plugin/disable-users.zip?timestamp=1447259966",
                "reference": null,
                "shasum": null
            },
            "require": {
                "composer/installers": "~1.0"
            },
            "type": "wordpress-plugin",
            "homepage": "https://wordpress.org/plugins/disable-users/"
        },
        {
            "name": "wpackagist-plugin/duplicate-post",
            "version": "3.2.2",
            "source": {
                "type": "svn",
                "url": "https://plugins.svn.wordpress.org/duplicate-post/",
                "reference": "tags/3.2.2"
            },
            "dist": {
                "type": "zip",
                "url": "https://downloads.wordpress.org/plugin/duplicate-post.3.2.2.zip",
                "reference": null,
                "shasum": null
            },
            "require": {
                "composer/installers": "~1.0"
            },
            "type": "wordpress-plugin",
            "homepage": "https://wordpress.org/plugins/duplicate-post/"
        },
        {
            "name": "wpackagist-plugin/enhanced-media-library",
            "version": "2.5",
            "source": {
                "type": "svn",
                "url": "https://plugins.svn.wordpress.org/enhanced-media-library/",
                "reference": "tags/2.5"
            },
            "dist": {
                "type": "zip",
                "url": "https://downloads.wordpress.org/plugin/enhanced-media-library.2.5.zip",
                "reference": null,
                "shasum": null
            },
            "require": {
                "composer/installers": "~1.0"
            },
            "type": "wordpress-plugin",
            "homepage": "https://wordpress.org/plugins/enhanced-media-library/"
        },
        {
            "name": "wpackagist-plugin/ewww-image-optimizer",
            "version": "4.1.3",
            "source": {
                "type": "svn",
                "url": "https://plugins.svn.wordpress.org/ewww-image-optimizer/",
                "reference": "tags/4.1.3"
            },
            "dist": {
                "type": "zip",
                "url": "https://downloads.wordpress.org/plugin/ewww-image-optimizer.4.1.3.zip",
                "reference": null,
                "shasum": null
            },
            "require": {
                "composer/installers": "~1.0"
            },
            "type": "wordpress-plugin",
            "homepage": "https://wordpress.org/plugins/ewww-image-optimizer/"
        },
        {
            "name": "wpackagist-plugin/imsanity",
            "version": "2.3.10",
            "source": {
                "type": "svn",
                "url": "https://plugins.svn.wordpress.org/imsanity/",
                "reference": "tags/2.3.10"
            },
            "dist": {
                "type": "zip",
                "url": "https://downloads.wordpress.org/plugin/imsanity.2.3.10.zip",
                "reference": null,
                "shasum": null
            },
            "require": {
                "composer/installers": "~1.0"
            },
            "type": "wordpress-plugin",
            "homepage": "https://wordpress.org/plugins/imsanity/"
        },
        {
            "name": "wpackagist-plugin/location-nav-menu-for-acf",
            "version": "1.1.1",
            "source": {
                "type": "svn",
                "url": "https://plugins.svn.wordpress.org/location-nav-menu-for-acf/",
                "reference": "tags/1.1.1"
            },
            "dist": {
                "type": "zip",
                "url": "https://downloads.wordpress.org/plugin/location-nav-menu-for-acf.1.1.1.zip",
                "reference": null,
                "shasum": null
            },
            "require": {
                "composer/installers": "~1.0"
            },
            "type": "wordpress-plugin",
            "homepage": "https://wordpress.org/plugins/location-nav-menu-for-acf/"
        },
        {
            "name": "wpackagist-plugin/members",
            "version": "1.1.3",
            "source": {
                "type": "svn",
                "url": "https://plugins.svn.wordpress.org/members/",
                "reference": "tags/1.1.3"
            },
            "dist": {
                "type": "zip",
                "url": "https://downloads.wordpress.org/plugin/members.1.1.3.zip",
                "reference": null,
                "shasum": null
            },
            "require": {
                "composer/installers": "~1.0"
            },
            "type": "wordpress-plugin",
            "homepage": "https://wordpress.org/plugins/members/"
        },
        {
            "name": "wpackagist-plugin/nofollow",
            "version": "1.4.7",
            "source": {
                "type": "svn",
                "url": "https://plugins.svn.wordpress.org/nofollow/",
                "reference": "tags/1.4.7"
            },
            "dist": {
                "type": "zip",
                "url": "https://downloads.wordpress.org/plugin/nofollow.1.4.7.zip",
                "reference": null,
                "shasum": null
            },
            "require": {
                "composer/installers": "~1.0"
            },
            "type": "wordpress-plugin",
            "homepage": "https://wordpress.org/plugins/nofollow/"
        },
        {
            "name": "wpackagist-plugin/post-smtp",
            "version": "1.8.5",
            "source": {
                "type": "svn",
                "url": "https://plugins.svn.wordpress.org/post-smtp/",
                "reference": "tags/1.8.5"
            },
            "dist": {
                "type": "zip",
                "url": "https://downloads.wordpress.org/plugin/post-smtp.1.8.5.zip",
                "reference": null,
                "shasum": null
            },
            "require": {
                "composer/installers": "~1.0"
            },
            "type": "wordpress-plugin",
            "homepage": "https://wordpress.org/plugins/post-smtp/"
        },
        {
            "name": "wpackagist-plugin/posts-to-posts",
            "version": "1.6.5",
            "source": {
                "type": "svn",
                "url": "https://plugins.svn.wordpress.org/posts-to-posts/",
                "reference": "tags/1.6.5"
            },
            "dist": {
                "type": "zip",
                "url": "https://downloads.wordpress.org/plugin/posts-to-posts.1.6.5.zip",
                "reference": null,
                "shasum": null
            },
            "require": {
                "composer/installers": "~1.0"
            },
            "type": "wordpress-plugin",
            "homepage": "https://wordpress.org/plugins/posts-to-posts/"
        },
        {
            "name": "wpackagist-plugin/redirection",
            "version": "3.2.1",
            "source": {
                "type": "svn",
                "url": "https://plugins.svn.wordpress.org/redirection/",
                "reference": "tags/3.2.1"
            },
            "dist": {
                "type": "zip",
                "url": "https://downloads.wordpress.org/plugin/redirection.3.2.1.zip",
                "reference": null,
                "shasum": null
            },
            "require": {
                "composer/installers": "~1.0"
            },
            "type": "wordpress-plugin",
            "homepage": "https://wordpress.org/plugins/redirection/"
        },
        {
            "name": "wpackagist-plugin/rewrite-rules-inspector",
            "version": "1.2.1",
            "source": {
                "type": "svn",
                "url": "https://plugins.svn.wordpress.org/rewrite-rules-inspector/",
                "reference": "tags/1.2.1"
            },
            "dist": {
                "type": "zip",
                "url": "https://downloads.wordpress.org/plugin/rewrite-rules-inspector.1.2.1.zip",
                "reference": null,
                "shasum": null
            },
            "require": {
                "composer/installers": "~1.0"
            },
            "type": "wordpress-plugin",
            "homepage": "https://wordpress.org/plugins/rewrite-rules-inspector/"
        },
        {
            "name": "wpackagist-plugin/stop-user-enumeration",
            "version": "1.3.15",
            "source": {
                "type": "svn",
                "url": "https://plugins.svn.wordpress.org/stop-user-enumeration/",
                "reference": "tags/1.3.15"
            },
            "dist": {
                "type": "zip",
                "url": "https://downloads.wordpress.org/plugin/stop-user-enumeration.1.3.15.zip",
                "reference": null,
                "shasum": null
            },
            "require": {
                "composer/installers": "~1.0"
            },
            "type": "wordpress-plugin",
            "homepage": "https://wordpress.org/plugins/stop-user-enumeration/"
        },
        {
            "name": "wpackagist-plugin/stream",
            "version": "3.2.2",
            "source": {
                "type": "svn",
                "url": "https://plugins.svn.wordpress.org/stream/",
                "reference": "tags/3.2.2"
            },
            "dist": {
                "type": "zip",
                "url": "https://downloads.wordpress.org/plugin/stream.3.2.2.zip",
                "reference": null,
                "shasum": null
            },
            "require": {
                "composer/installers": "~1.0"
            },
            "type": "wordpress-plugin",
            "homepage": "https://wordpress.org/plugins/stream/"
        },
        {
            "name": "wpackagist-plugin/user-switching",
            "version": "1.3.0",
            "source": {
                "type": "svn",
                "url": "https://plugins.svn.wordpress.org/user-switching/",
                "reference": "tags/1.3.0"
            },
            "dist": {
                "type": "zip",
                "url": "https://downloads.wordpress.org/plugin/user-switching.1.3.0.zip",
                "reference": null,
                "shasum": null
            },
            "require": {
                "composer/installers": "~1.0"
            },
            "type": "wordpress-plugin",
            "homepage": "https://wordpress.org/plugins/user-switching/"
        }
    ],
    "packages-dev": [
        {
            "name": "squizlabs/php_codesniffer",
            "version": "3.2.3",
            "source": {
                "type": "git",
                "url": "https://github.com/squizlabs/PHP_CodeSniffer.git",
                "reference": "4842476c434e375f9d3182ff7b89059583aa8b27"
            },
            "dist": {
                "type": "zip",
                "url": "https://api.github.com/repos/squizlabs/PHP_CodeSniffer/zipball/4842476c434e375f9d3182ff7b89059583aa8b27",
                "reference": "4842476c434e375f9d3182ff7b89059583aa8b27",
                "shasum": ""
            },
            "require": {
                "ext-simplexml": "*",
                "ext-tokenizer": "*",
                "ext-xmlwriter": "*",
                "php": ">=5.4.0"
            },
            "require-dev": {
                "phpunit/phpunit": "^4.0 || ^5.0 || ^6.0 || ^7.0"
            },
            "bin": [
                "bin/phpcs",
                "bin/phpcbf"
            ],
            "type": "library",
            "extra": {
                "branch-alias": {
                    "dev-master": "3.x-dev"
                }
            },
            "notification-url": "https://packagist.org/downloads/",
            "license": [
                "BSD-3-Clause"
            ],
            "authors": [
                {
                    "name": "Greg Sherwood",
                    "role": "lead"
                }
            ],
            "description": "PHP_CodeSniffer tokenizes PHP, JavaScript and CSS files and detects violations of a defined set of coding standards.",
            "homepage": "http://www.squizlabs.com/php-codesniffer",
            "keywords": [
                "phpcs",
                "standards"
            ],
            "time": "2018-02-20T21:35:23+00:00"
        }
    ],
    "aliases": [],
    "minimum-stability": "stable",
    "stability-flags": {
        "jjgrainger/wp-custom-post-type-class": 20
    },
    "prefer-stable": false,
    "prefer-lowest": false,
    "platform": {
        "php": "^7.0"
    },
    "platform-dev": []
}
